
Microsoft Visual Studio Solution File, Format Version 12.00
# Visual Studio 15
Project("{FAE04EC0-301F-11D3-BF4B-00C04F79EFBC}") = "TaxiProjekt", "TaxiProjekt\TaxiProjekt.csproj", "{798ACC10-54F7-4E91-B97C-74D4E2347828}"
EndProject
Global
	GlobalSection(SolutionConfigurationPlatforms) = preSolution
		Debug|anycpu = Debug|anycpu
		Release|anycpu = Release|anycpu
	EndGlobalSection
	GlobalSection(ProjectConfigurationPlatforms) = postSolution
		{798ACC10-54F7-4E91-B97C-74D4E2347828}.Debug|anycpu.ActiveCfg = Debug|anycpu
		{798ACC10-54F7-4E91-B97C-74D4E2347828}.Debug|anycpu.Build.0 = Debug|anycpu
		{798ACC10-54F7-4E91-B97C-74D4E2347828}.Release|anycpu.ActiveCfg = Release|anycpu
		{798ACC10-54F7-4E91-B97C-74D4E2347828}.Release|anycpu.Build.0 = Release|anycpu
	EndGlobalSection
EndGlobal
